{
  "version": 2,
  "dependencies": {
    ".NETFramework,Version=v4.8": {
      "Sitecore.Assemblies.Platform": {
        "type": "Direct",
        "requested": "[10.4.0, 10.4.0]",
        "resolved": "10.4.0",
        "contentHash": "Cz8qcDGPzGBzXuu3DgqiWRzkASN3eGCpW73W2MAk8b0E1A3zknShArsXHYg0FKiKn1D1Tm/SOA7ldKSgw35HvQ=="
      },
      "Sitecore.Kernel": {
        "type": "Direct",
        "requested": "[10.4.0, 10.4.0]",
        "resolved": "10.4.0",
        "contentHash": "wS5aBvIihVH+5G99qa0cUsnNsA9A1T46sLDhE+pVVECkzmaUZiIyMQJLa4/sCgzt3o9VM9pVGd62Sx1oOIomog==",
        "dependencies": {
          "Sitecore.Data.ResourceItems.ProtobufNet": "10.4.0",
          "Sitecore.Framework.Data.Blobs": "3.0.1",
          "Sitecore.Kernel.Portable": "10.4.0",
          "Sitecore.Logging": "10.4.0",
          "Sitecore.Logging.Client": "10.4.0",
          "Sitecore.Nexus.Consumption": "1.6.0",
          "Sitecore.Screenshots": "10.4.0"
        }
      },
      "System.Security.Cryptography.Xml": {
        "type": "Direct",
        "requested": "[8.0.2, 8.0.2]",
        "resolved": "8.0.2",
        "contentHash": "aDM/wm0ZGEZ6ZYJLzgqjp2FZdHbDHh6/OmpGfb7AdZ105zYmPn/83JRU2xLIbwgoNz9U1SLUTJN0v5th3qmvjA=="
      },
      "protobuf-net": {
        "type": "Transitive",
        "resolved": "2.4.6",
        "contentHash": "fDYwwGw9yCERTkIzxhmiGmD3i5nB5Pw4roZ9Pi+MPNbNiNbGAA9mVrSSbTjAMNQEBXtwK/HZ6btrO2YwYsVsMw=="
      },
      "Sitecore.Data.ResourceItems.Abstractions": {
        "type": "Transitive",
        "resolved": "10.4.0",
        "contentHash": "RWa7QPHW+X81Hic0DOhMVvHg/HCsfPvbBvUpRuEN+Ow9lG0KiMBSlHSBDw5z0cBiYh6eLxZeH3VK5kfaK0itzw=="
      },
      "Sitecore.Data.ResourceItems.ProtobufNet": {
        "type": "Transitive",
        "resolved": "10.4.0",
        "contentHash": "ULUmUkB4FQdiAvRE+9Ph8eF5jqnLEOSj3Ag0RWIdAm1CWKJ0kmHaVQFUB/bovZ/tdM6w5SDWZ72pML980MRY7A==",
        "dependencies": {
          "Sitecore.Data.ResourceItems.Abstractions": "10.4.0",
          "protobuf-net": "2.4.6"
        }
      },
      "Sitecore.Framework.Conditions": {
        "type": "Transitive",
        "resolved": "6.0.0",
        "contentHash": "0zWjuvPgIlJJS+4X6nAOmxMM6SfKkuq5I0gGetYPDYVTB0MEcbXEEAYEv934oTX3V8TWlxVFt3hj5fpdasSHEw=="
      },
      "Sitecore.Framework.Data.Blobs": {
        "type": "Transitive",
        "resolved": "3.0.1",
        "contentHash": "nqgqzU6TQDzEBgRY2Ne040Mk1kqb2jdtOsWi1f0GTYjAZr3GswFhzB2nUicA7ryCXnTq+DmPVktEJE9RO/swdQ==",
        "dependencies": {
          "Sitecore.Framework.Conditions": "6.0.0",
          "Sitecore.Framework.Data.Blobs.Abstractions": "3.0.1"
        }
      },
      "Sitecore.Framework.Data.Blobs.Abstractions": {
        "type": "Transitive",
        "resolved": "3.0.1",
        "contentHash": "Ui6S/Bu/ivbFVaKaXubg/XToeH4gP6L5vgR+LwAX+0efyw33/mQK8DGMeZs0jDrmFYG6oaNgEsUpx+UHKR+gog==",
        "dependencies": {
          "Sitecore.Framework.Conditions": "6.0.0"
        }
      },
      "Sitecore.Kernel.Portable": {
        "type": "Transitive",
        "resolved": "10.4.0",
        "contentHash": "1liGAQ3cbJK80ctftbj3IBi/mCrv02qkJi2g64IkxatD+KcS904URXda56FzxokJUuoBGO5XS1Am90liBGcYRA=="
      },
      "Sitecore.Logging": {
        "type": "Transitive",
        "resolved": "10.4.0",
        "contentHash": "VF3C1lg9Yp3B9dWIOCd9CSzKenFjyTy1Z2xVxzKMVJNFNSFpgthPjftuxxzEJUaeHUBJfPFGwxAHHyTd4jBcRA=="
      },
      "Sitecore.Logging.Client": {
        "type": "Transitive",
        "resolved": "10.4.0",
        "contentHash": "nlt6iABWcmyAUYdrJyHydvDCYCZktRddhLGlwUAZf1zGXSGJ977yrfwiZWxjo1bGUOhZ8p5nOFsqZsOKPNXP3A==",
        "dependencies": {
          "Sitecore.Logging": "10.4.0"
        }
      },
      "Sitecore.Nexus.Consumption": {
        "type": "Transitive",
        "resolved": "1.6.0",
        "contentHash": "WACrTQG+E+f2yK1JU8iyI9R46ttBi+QFWewEBC5VFPxxmhg59MQWP43CoiXDIWABLEYOfuaftZyaZ4i9tPYgWA==",
        "dependencies": {
          "Sitecore.Nexus.Licensing": "2.0.6"
        }
      },
      "Sitecore.Nexus.Licensing": {
        "type": "Transitive",
        "resolved": "2.0.6",
        "contentHash": "ZMhHEaoSgoaBoYiC9YFoRV3qhXjuwyGSuYL9r6WE/1CPIvCfjbVDDEgbKAzwK39UF18mqr3qzL2v7PSs/SfnYg==",
        "dependencies": {
          "System.Security.Cryptography.Xml": "4.5.0"
        }
      },
      "Sitecore.Screenshots": {
        "type": "Transitive",
        "resolved": "10.4.0",
        "contentHash": "gTsSQqVIck9rvpnpPI+iaf7lHK0f+i77hc05AphpWR9BiQ8rcJIA2pbySzEWW90jdMxL3inXHLr2j+/HQoR3rQ=="
      }
    },
    ".NETFramework,Version=v4.8/win": {},
    ".NETFramework,Version=v4.8/win-arm64": {},
    ".NETFramework,Version=v4.8/win-x64": {},
    ".NETFramework,Version=v4.8/win-x86": {}
  }
}