{
  "version": 2,
  "dependencies": {
    ".NETFramework,Version=v4.8": {
      "Sitecore.Assemblies.Platform": {
        "type": "Direct",
        "requested": "[10.3.1, 10.3.1]",
        "resolved": "10.3.1",
        "contentHash": "bncPxqYBL0Yb72nb9j1vI6o9+hvqFYUr60bivwcNNVuJLPc8AufK07ZSsDF06ltuM9cD/XKlbmrVas7tU77jvw=="
      },
      "Sitecore.Kernel": {
        "type": "Direct",
        "requested": "[10.3.1, 10.3.1]",
        "resolved": "10.3.1",
        "contentHash": "cGU59NxctYsL6Qcku+wcsR6ksO7yRP4iOQzjKzwwE+fFVLb73LX4zUetrxrJM3/MZTqFszM6y9UEdIZcBf4+8g==",
        "dependencies": {
          "Sitecore.Data.ResourceItems.ProtobufNet": "10.3.1",
          "Sitecore.Framework.Data.Blobs": "3.0.1",
          "Sitecore.Kernel.Portable": "10.3.1",
          "Sitecore.Logging": "10.3.1",
          "Sitecore.Logging.Client": "10.3.1",
          "Sitecore.Nexus.Consumption": "1.5.0"
        }
      },
      "System.Security.Cryptography.Xml": {
        "type": "Direct",
        "requested": "[8.0.2, 8.0.2]",
        "resolved": "8.0.2",
        "contentHash": "aDM/wm0ZGEZ6ZYJLzgqjp2FZdHbDHh6/OmpGfb7AdZ105zYmPn/83JRU2xLIbwgoNz9U1SLUTJN0v5th3qmvjA=="
      },
      "protobuf-net": {
        "type": "Transitive",
        "resolved": "2.0.0.668",
        "contentHash": "Lgj+Kf1+RV0utKxX9u1WEcymPGrbWrj/AwFmFADFLLa/LLdc1ji2MIGcecFRAGUu6UO8BRbdjZAIYWvLlN1B/A=="
      },
      "Sitecore.Data.ResourceItems.Abstractions": {
        "type": "Transitive",
        "resolved": "10.3.1",
        "contentHash": "wzksh6fjoaFMCZ61yCsTNrcg0eDiPe/InPjRmCrX+824i2PIJEEU0BwAaT3NhmqxPhZiqpueejDBZjv8wvrD1g=="
      },
      "Sitecore.Data.ResourceItems.ProtobufNet": {
        "type": "Transitive",
        "resolved": "10.3.1",
        "contentHash": "+GNQqmWe55jQTfdfSuT+M2ooB9uAGPHE0kNht1qkKM2Q6kNpjDhW/VF8gVFihsx3ub5w5id+BCuLcKFZ7WnP9w==",
        "dependencies": {
          "Sitecore.Data.ResourceItems.Abstractions": "10.3.1",
          "protobuf-net": "2.0.0.668"
        }
      },
      "Sitecore.Framework.Conditions": {
        "type": "Transitive",
        "resolved": "6.0.0",
        "contentHash": "0zWjuvPgIlJJS+4X6nAOmxMM6SfKkuq5I0gGetYPDYVTB0MEcbXEEAYEv934oTX3V8TWlxVFt3hj5fpdasSHEw=="
      },
      "Sitecore.Framework.Data.Blobs": {
        "type": "Transitive",
        "resolved": "3.0.1",
        "contentHash": "nqgqzU6TQDzEBgRY2Ne040Mk1kqb2jdtOsWi1f0GTYjAZr3GswFhzB2nUicA7ryCXnTq+DmPVktEJE9RO/swdQ==",
        "dependencies": {
          "Sitecore.Framework.Conditions": "6.0.0",
          "Sitecore.Framework.Data.Blobs.Abstractions": "3.0.1"
        }
      },
      "Sitecore.Framework.Data.Blobs.Abstractions": {
        "type": "Transitive",
        "resolved": "3.0.1",
        "contentHash": "Ui6S/Bu/ivbFVaKaXubg/XToeH4gP6L5vgR+LwAX+0efyw33/mQK8DGMeZs0jDrmFYG6oaNgEsUpx+UHKR+gog==",
        "dependencies": {
          "Sitecore.Framework.Conditions": "6.0.0"
        }
      },
      "Sitecore.Kernel.Portable": {
        "type": "Transitive",
        "resolved": "10.3.1",
        "contentHash": "qq6lLoZ09Rb4YSemuJCG/fTdtFJC2tklNtIs4595OBI8mhCCsYL6s9W7pVdPR8YQ0uZWTcMHW4YBebe9kOZ3Ug=="
      },
      "Sitecore.Logging": {
        "type": "Transitive",
        "resolved": "10.3.1",
        "contentHash": "qurXNF/oD2RmXkbe1EHiWDTTkRZnEGfPcoh4Ir5l60v+DroEiWAhs0tRg2HP3zK3J5lEuyxeLz5amg+2rbNyow=="
      },
      "Sitecore.Logging.Client": {
        "type": "Transitive",
        "resolved": "10.3.1",
        "contentHash": "YgeiOg2T0GmjWzRr6t8M39r7gbYrIVo0vq3+DhSeuiYJjxNseRTgmetRIJdvMuPke0DnSTMeSBP/pSBdT6f1Pg==",
        "dependencies": {
          "Sitecore.Logging": "10.3.1"
        }
      },
      "Sitecore.Nexus.Consumption": {
        "type": "Transitive",
        "resolved": "1.5.0",
        "contentHash": "e3SK/f4ggy92lN1JBBXScppBKL0WQkpWuFVK/qJqu33NK/Rv/SaLzbf/v3sOm2+/xfy4BDvoz6z7JEU4QC0fVw==",
        "dependencies": {
          "Sitecore.Nexus.Licensing": "2.0.6"
        }
      },
      "Sitecore.Nexus.Licensing": {
        "type": "Transitive",
        "resolved": "2.0.6",
        "contentHash": "ZMhHEaoSgoaBoYiC9YFoRV3qhXjuwyGSuYL9r6WE/1CPIvCfjbVDDEgbKAzwK39UF18mqr3qzL2v7PSs/SfnYg==",
        "dependencies": {
          "System.Security.Cryptography.Xml": "4.5.0"
        }
      }
    },
    ".NETFramework,Version=v4.8/win": {},
    ".NETFramework,Version=v4.8/win-arm64": {},
    ".NETFramework,Version=v4.8/win-x64": {},
    ".NETFramework,Version=v4.8/win-x86": {}
  }
}